
Microsoft Visual Studio Solution File, Format Version 12.00
# Visual Studio Version 17
VisualStudioVersion = 17.0.31903.59
MinimumVisualStudioVersion = 10.0.40219.1
Project("{FAE04EC0-301F-11D3-BF4B-00C04F79EFBC}") = "UserManagerLib", "UserManagerLib\UserManagerLib.csproj", "{E144C256-7DC9-4D06-94F9-7220C2358546}"
EndProject
Project("{FAE04EC0-301F-11D3-BF4B-00C04F79EFBC}") = "UserManagerLib.Tests", "UserManagerLib.Tests\UserManagerLib.Tests.csproj", "{9DCA4D96-34CA-4035-9660-327DF993A561}"
EndProject
Global
	GlobalSection(SolutionConfigurationPlatforms) = preSolution
		Debug|Any CPU = Debug|Any CPU
		Release|Any CPU = Release|Any CPU
	EndGlobalSection
	GlobalSection(SolutionProperties) = preSolution
		HideSolutionNode = FALSE
	EndGlobalSection
	GlobalSection(ProjectConfigurationPlatforms) = postSolution
		{E144C256-7DC9-4D06-94F9-7220C2358546}.Debug|Any CPU.ActiveCfg = Debug|Any CPU
		{E144C256-7DC9-4D06-94F9-7220C2358546}.Debug|Any CPU.Build.0 = Debug|Any CPU
		{E144C256-7DC9-4D06-94F9-7220C2358546}.Release|Any CPU.ActiveCfg = Release|Any CPU
		{E144C256-7DC9-4D06-94F9-7220C2358546}.Release|Any CPU.Build.0 = Release|Any CPU
		{9DCA4D96-34CA-4035-9660-327DF993A561}.Debug|Any CPU.ActiveCfg = Debug|Any CPU
		{9DCA4D96-34CA-4035-9660-327DF993A561}.Debug|Any CPU.Build.0 = Debug|Any CPU
		{9DCA4D96-34CA-4035-9660-327DF993A561}.Release|Any CPU.ActiveCfg = Release|Any CPU
		{9DCA4D96-34CA-4035-9660-327DF993A561}.Release|Any CPU.Build.0 = Release|Any CPU
	EndGlobalSection
EndGlobal
